{
  "name": "blank",
  "version": "1.0.0",
  "lockfileVersion": 3,
  "requires": true,
  "packages": {
    "": {
      "name": "blank",
      "version": "1.0.0",
      "license": "ISC",
      "dependencies": {
        "zeyo": "github:zeyodev/zeyo"
      }
    },
    "node_modules/zeyo": {
      "version": "1.0.0",
      "resolved": "git+ssh://git@github.com/zeyodev/zeyo.git#f26efb995af40a3c42ea31964e2bff4e689c419b",
      "license": "MIT"
    }
  }
}
